
Microsoft Visual Studio Solution File, Format Version 12.00
# Visual Studio Version 17
VisualStudioVersion = 17.4.33213.308
MinimumVisualStudioVersion = 10.0.40219.1
Project("{2150E333-8FDC-42A3-9474-1A3956D46DE8}") = "StockIndexAPI", "StockIndexAPI", "{5041D7EF-ABA0-401F-9696-A2668FDD0A3E}"
EndProject
Project("{FAE04EC0-301F-11D3-BF4B-00C04F79EFBC}") = "StockIndexWebService", "StockIndexWebService\StockIndexWebService.csproj", "{DABE420D-4FC9-438C-BD4E-E86ADDED5CC1}"
EndProject
Global
	GlobalSection(SolutionConfigurationPlatforms) = preSolution
		Debug|Any CPU = Debug|Any CPU
		Release|Any CPU = Release|Any CPU
	EndGlobalSection
	GlobalSection(ProjectConfigurationPlatforms) = postSolution
		{DABE420D-4FC9-438C-BD4E-E86ADDED5CC1}.Debug|Any CPU.ActiveCfg = Debug|Any CPU
		{DABE420D-4FC9-438C-BD4E-E86ADDED5CC1}.Debug|Any CPU.Build.0 = Debug|Any CPU
		{DABE420D-4FC9-438C-BD4E-E86ADDED5CC1}.Release|Any CPU.ActiveCfg = Release|Any CPU
		{DABE420D-4FC9-438C-BD4E-E86ADDED5CC1}.Release|Any CPU.Build.0 = Release|Any CPU
	EndGlobalSection
	GlobalSection(SolutionProperties) = preSolution
		HideSolutionNode = FALSE
	EndGlobalSection
	GlobalSection(NestedProjects) = preSolution
		{DABE420D-4FC9-438C-BD4E-E86ADDED5CC1} = {5041D7EF-ABA0-401F-9696-A2668FDD0A3E}
	EndGlobalSection
	GlobalSection(ExtensibilityGlobals) = postSolution
		SolutionGuid = {F1131AA1-F5DF-418A-BC44-326831E1D702}
	EndGlobalSection
EndGlobal
